{
  "name": "scrum-management",
  "version": "1.0.0",
  "lockfileVersion": 1,
  "requires": true,
  "dependencies": {
    "ejs": {
      "version": "2.7.1",
      "resolved": "https://registry.npmjs.org/ejs/-/ejs-2.7.1.tgz",
      "integrity": "sha512-kS/gEPzZs3Y1rRsbGX4UOSjtP/CeJP0CxSNZHYxGfVM/VgLcv0ZqM7C45YyTj2DI2g7+P9Dd24C+IMIg6D0nYQ=="
    },
    "ejs-html": {
      "version": "5.1.5",
      "resolved": "https://registry.npmjs.org/ejs-html/-/ejs-html-5.1.5.tgz",
      "integrity": "sha512-GYZBR1v1NKlXDt7z3Iwk84XUNxCnNdUFLXA3tYdTWnTwIJ1ogC1tdC0fRaNHQzifwTudSDLdsjqvmNfGoqGxPQ==",
      "requires": {
        "source-map": "^0.7.0"
      }
    },
    "source-map": {
      "version": "0.7.3",
      "resolved": "https://registry.npmjs.org/source-map/-/source-map-0.7.3.tgz",
      "integrity": "sha512-CkCj6giN3S+n9qrYiBTX5gystlENnRW5jZeNLHpe6aue+SrHcG5VYwujhW9s4dY31mEGsxBDrHR6oI69fTXsaQ=="
    }
  }
}
